
Microsoft Visual Studio Solution File, Format Version 12.00
# Visual Studio Version 17
VisualStudioVersion = 17.13.35806.99 d17.13
MinimumVisualStudioVersion = 10.0.40219.1
Project("{FAE04EC0-301F-11D3-BF4B-00C04F79EFBC}") = "WebApplication1", "WebApplication1.csproj", "{5A244AA6-DB5F-4B4E-A8A4-97E42D5A83A6}"
EndProject
Global
	GlobalSection(SolutionConfigurationPlatforms) = preSolution
		Debug|Any CPU = Debug|Any CPU
		Release|Any CPU = Release|Any CPU
	EndGlobalSection
	GlobalSection(ProjectConfigurationPlatforms) = postSolution
		{5A244AA6-DB5F-4B4E-A8A4-97E42D5A83A6}.Debug|Any CPU.ActiveCfg = Debug|Any CPU
		{5A244AA6-DB5F-4B4E-A8A4-97E42D5A83A6}.Debug|Any CPU.Build.0 = Debug|Any CPU
		{5A244AA6-DB5F-4B4E-A8A4-97E42D5A83A6}.Release|Any CPU.ActiveCfg = Release|Any CPU
		{5A244AA6-DB5F-4B4E-A8A4-97E42D5A83A6}.Release|Any CPU.Build.0 = Release|Any CPU
	EndGlobalSection
	GlobalSection(SolutionProperties) = preSolution
		HideSolutionNode = FALSE
	EndGlobalSection
	GlobalSection(ExtensibilityGlobals) = postSolution
		SolutionGuid = {C53533A3-98BD-4887-A93A-1D0C91B6C068}
	EndGlobalSection
EndGlobal
