
Microsoft Visual Studio Solution File, Format Version 12.00
# Visual Studio Version 17
VisualStudioVersion = 17.13.35806.99 d17.13
MinimumVisualStudioVersion = 10.0.40219.1
Project("{FAE04EC0-301F-11D3-BF4B-00C04F79EFBC}") = "WebApplication2", "WebApplication2.csproj", "{F3880194-EE02-4481-A9AB-8A215F432184}"
EndProject
Global
	GlobalSection(SolutionConfigurationPlatforms) = preSolution
		Debug|Any CPU = Debug|Any CPU
		Release|Any CPU = Release|Any CPU
	EndGlobalSection
	GlobalSection(ProjectConfigurationPlatforms) = postSolution
		{F3880194-EE02-4481-A9AB-8A215F432184}.Debug|Any CPU.ActiveCfg = Debug|Any CPU
		{F3880194-EE02-4481-A9AB-8A215F432184}.Debug|Any CPU.Build.0 = Debug|Any CPU
		{F3880194-EE02-4481-A9AB-8A215F432184}.Release|Any CPU.ActiveCfg = Release|Any CPU
		{F3880194-EE02-4481-A9AB-8A215F432184}.Release|Any CPU.Build.0 = Release|Any CPU
	EndGlobalSection
	GlobalSection(SolutionProperties) = preSolution
		HideSolutionNode = FALSE
	EndGlobalSection
	GlobalSection(ExtensibilityGlobals) = postSolution
		SolutionGuid = {EAD9EE21-CCAE-42AD-8C93-8448100C3D93}
	EndGlobalSection
EndGlobal
